
Microsoft Visual Studio Solution File, Format Version 12.00
# Visual Studio 14
VisualStudioVersion = 14.0.24720.0
MinimumVisualStudioVersion = 10.0.40219.1
Project("{8BC9CEB8-8B4A-11D0-8D11-00A0C91BC942}") = "00_Sandbox", "00_Sandbox\00_Sandbox_VS15.vcxproj", "{F5D6D2E1-6FFD-402B-8EE3-DED4FE407028}"
EndProject
Project("{8BC9CEB8-8B4A-11D0-8D11-00A0C91BC942}") = "ModelViewer", "ModelViewer\ModelViewer_VS15.vcxproj", "{FB51C0AB-6E10-4DEB-9D27-A3C31251A36D}"
EndProject
Project("{8BC9CEB8-8B4A-11D0-8D11-00A0C91BC942}") = "GLFW_Example", "GLFW_Example\GLFW_Example_VS15.vcxproj", "{49647803-64C5-4742-BCB2-C8DC671B25EF}"
EndProject
Project("{8BC9CEB8-8B4A-11D0-8D11-00A0C91BC942}") = "A04_3DShapes", "A04_3DShapes\A04_3DShapes.vcxproj", "{769F0154-10DA-4627-8772-CE84597ECDCE}"
EndProject
Project("{8BC9CEB8-8B4A-11D0-8D11-00A0C91BC942}") = "E05_Transformations", "E05_Transformations\E05_Transformations.vcxproj", "{CFC5A13E-27EB-44AB-A562-CADF4D45A21C}"
EndProject
Project("{8BC9CEB8-8B4A-11D0-8D11-00A0C91BC942}") = "A05_Transformations", "A05_Transformations\A05_Transformations.vcxproj", "{AABA05C7-71CD-4C9B-A52F-78117CDBC72D}"
EndProject
Project("{8BC9CEB8-8B4A-11D0-8D11-00A0C91BC942}") = "A06_LERP", "A06_LERP\A06_LERP.vcxproj", "{8FB45351-2348-4127-9143-D866C86EE527}"
EndProject
Project("{8BC9CEB8-8B4A-11D0-8D11-00A0C91BC942}") = "C1_LERP", "C1_LERP\C1_LERP.vcxproj", "{32854B1F-8DCB-4075-87B2-ADF1AAB448B3}"
EndProject
Project("{8BC9CEB8-8B4A-11D0-8D11-00A0C91BC942}") = "01_Basics", "01_Basics\01_Basics.vcxproj", "{425ED9DA-852E-4F61-BE06-487F68A6187E}"
EndProject
Project("{8BC9CEB8-8B4A-11D0-8D11-00A0C91BC942}") = "02_Inheriting", "02_Inheriting\02_Inheriting.vcxproj", "{F1EDF2C3-8663-42FF-89D7-D0C4857D4358}"
EndProject
Project("{8BC9CEB8-8B4A-11D0-8D11-00A0C91BC942}") = "03_SFML_Input", "03_SFML_Input\03_SFML_Input.vcxproj", "{1EA67B6E-CAF1-4F2A-8FB5-99B5D30E3004}"
EndProject
Project("{8BC9CEB8-8B4A-11D0-8D11-00A0C91BC942}") = "04_MeshRendering", "04_MeshRendering\04_MeshRendering.vcxproj", "{D04CA8CD-8C31-4F09-A363-33BFC486C26F}"
EndProject
Project("{8BC9CEB8-8B4A-11D0-8D11-00A0C91BC942}") = "05_InstanceRendering", "05_InstanceRendering\05_InstanceRendering.vcxproj", "{E9B44697-A740-484E-BFCC-B9A007E242A2}"
EndProject
Project("{8BC9CEB8-8B4A-11D0-8D11-00A0C91BC942}") = "06_Octree", "06_Octree\06_Octree.vcxproj", "{0488FE50-85CC-477A-88ED-0A00B9F79F5D}"
EndProject
Global
	GlobalSection(SolutionConfigurationPlatforms) = preSolution
		Debug|x64 = Debug|x64
		Debug|x86 = Debug|x86
		Release|x64 = Release|x64
		Release|x86 = Release|x86
	EndGlobalSection
	GlobalSection(ProjectConfigurationPlatforms) = postSolution
		{F5D6D2E1-6FFD-402B-8EE3-DED4FE407028}.Debug|x64.ActiveCfg = Debug|x64
		{F5D6D2E1-6FFD-402B-8EE3-DED4FE407028}.Debug|x64.Build.0 = Debug|x64
		{F5D6D2E1-6FFD-402B-8EE3-DED4FE407028}.Debug|x86.ActiveCfg = Debug|Win32
		{F5D6D2E1-6FFD-402B-8EE3-DED4FE407028}.Debug|x86.Build.0 = Debug|Win32
		{F5D6D2E1-6FFD-402B-8EE3-DED4FE407028}.Release|x64.ActiveCfg = Release|x64
		{F5D6D2E1-6FFD-402B-8EE3-DED4FE407028}.Release|x64.Build.0 = Release|x64
		{F5D6D2E1-6FFD-402B-8EE3-DED4FE407028}.Release|x86.ActiveCfg = Release|Win32
		{F5D6D2E1-6FFD-402B-8EE3-DED4FE407028}.Release|x86.Build.0 = Release|Win32
		{FB51C0AB-6E10-4DEB-9D27-A3C31251A36D}.Debug|x64.ActiveCfg = Debug|x64
		{FB51C0AB-6E10-4DEB-9D27-A3C31251A36D}.Debug|x64.Build.0 = Debug|x64
		{FB51C0AB-6E10-4DEB-9D27-A3C31251A36D}.Debug|x86.ActiveCfg = Debug|Win32
		{FB51C0AB-6E10-4DEB-9D27-A3C31251A36D}.Debug|x86.Build.0 = Debug|Win32
		{FB51C0AB-6E10-4DEB-9D27-A3C31251A36D}.Release|x64.ActiveCfg = Release|x64
		{FB51C0AB-6E10-4DEB-9D27-A3C31251A36D}.Release|x64.Build.0 = Release|x64
		{FB51C0AB-6E10-4DEB-9D27-A3C31251A36D}.Release|x86.ActiveCfg = Release|Win32
		{FB51C0AB-6E10-4DEB-9D27-A3C31251A36D}.Release|x86.Build.0 = Release|Win32
		{49647803-64C5-4742-BCB2-C8DC671B25EF}.Debug|x64.ActiveCfg = Debug|Win32
		{49647803-64C5-4742-BCB2-C8DC671B25EF}.Debug|x86.ActiveCfg = Debug|Win32
		{49647803-64C5-4742-BCB2-C8DC671B25EF}.Debug|x86.Build.0 = Debug|Win32
		{49647803-64C5-4742-BCB2-C8DC671B25EF}.Release|x64.ActiveCfg = Release|Win32
		{49647803-64C5-4742-BCB2-C8DC671B25EF}.Release|x86.ActiveCfg = Release|Win32
		{49647803-64C5-4742-BCB2-C8DC671B25EF}.Release|x86.Build.0 = Release|Win32
		{769F0154-10DA-4627-8772-CE84597ECDCE}.Debug|x64.ActiveCfg = Debug|x64
		{769F0154-10DA-4627-8772-CE84597ECDCE}.Debug|x64.Build.0 = Debug|x64
		{769F0154-10DA-4627-8772-CE84597ECDCE}.Debug|x86.ActiveCfg = Debug|Win32
		{769F0154-10DA-4627-8772-CE84597ECDCE}.Debug|x86.Build.0 = Debug|Win32
		{769F0154-10DA-4627-8772-CE84597ECDCE}.Release|x64.ActiveCfg = Release|x64
		{769F0154-10DA-4627-8772-CE84597ECDCE}.Release|x64.Build.0 = Release|x64
		{769F0154-10DA-4627-8772-CE84597ECDCE}.Release|x86.ActiveCfg = Release|Win32
		{769F0154-10DA-4627-8772-CE84597ECDCE}.Release|x86.Build.0 = Release|Win32
		{CFC5A13E-27EB-44AB-A562-CADF4D45A21C}.Debug|x64.ActiveCfg = Debug|x64
		{CFC5A13E-27EB-44AB-A562-CADF4D45A21C}.Debug|x64.Build.0 = Debug|x64
		{CFC5A13E-27EB-44AB-A562-CADF4D45A21C}.Debug|x86.ActiveCfg = Debug|Win32
		{CFC5A13E-27EB-44AB-A562-CADF4D45A21C}.Debug|x86.Build.0 = Debug|Win32
		{CFC5A13E-27EB-44AB-A562-CADF4D45A21C}.Release|x64.ActiveCfg = Release|x64
		{CFC5A13E-27EB-44AB-A562-CADF4D45A21C}.Release|x64.Build.0 = Release|x64
		{CFC5A13E-27EB-44AB-A562-CADF4D45A21C}.Release|x86.ActiveCfg = Release|Win32
		{CFC5A13E-27EB-44AB-A562-CADF4D45A21C}.Release|x86.Build.0 = Release|Win32
		{AABA05C7-71CD-4C9B-A52F-78117CDBC72D}.Debug|x64.ActiveCfg = Debug|x64
		{AABA05C7-71CD-4C9B-A52F-78117CDBC72D}.Debug|x64.Build.0 = Debug|x64
		{AABA05C7-71CD-4C9B-A52F-78117CDBC72D}.Debug|x86.ActiveCfg = Debug|Win32
		{AABA05C7-71CD-4C9B-A52F-78117CDBC72D}.Debug|x86.Build.0 = Debug|Win32
		{AABA05C7-71CD-4C9B-A52F-78117CDBC72D}.Release|x64.ActiveCfg = Release|x64
		{AABA05C7-71CD-4C9B-A52F-78117CDBC72D}.Release|x64.Build.0 = Release|x64
		{AABA05C7-71CD-4C9B-A52F-78117CDBC72D}.Release|x86.ActiveCfg = Release|Win32
		{AABA05C7-71CD-4C9B-A52F-78117CDBC72D}.Release|x86.Build.0 = Release|Win32
		{8FB45351-2348-4127-9143-D866C86EE527}.Debug|x64.ActiveCfg = Debug|x64
		{8FB45351-2348-4127-9143-D866C86EE527}.Debug|x64.Build.0 = Debug|x64
		{8FB45351-2348-4127-9143-D866C86EE527}.Debug|x86.ActiveCfg = Debug|Win32
		{8FB45351-2348-4127-9143-D866C86EE527}.Debug|x86.Build.0 = Debug|Win32
		{8FB45351-2348-4127-9143-D866C86EE527}.Release|x64.ActiveCfg = Release|x64
		{8FB45351-2348-4127-9143-D866C86EE527}.Release|x64.Build.0 = Release|x64
		{8FB45351-2348-4127-9143-D866C86EE527}.Release|x86.ActiveCfg = Release|Win32
		{8FB45351-2348-4127-9143-D866C86EE527}.Release|x86.Build.0 = Release|Win32
		{32854B1F-8DCB-4075-87B2-ADF1AAB448B3}.Debug|x64.ActiveCfg = Debug|x64
		{32854B1F-8DCB-4075-87B2-ADF1AAB448B3}.Debug|x64.Build.0 = Debug|x64
		{32854B1F-8DCB-4075-87B2-ADF1AAB448B3}.Debug|x86.ActiveCfg = Debug|Win32
		{32854B1F-8DCB-4075-87B2-ADF1AAB448B3}.Debug|x86.Build.0 = Debug|Win32
		{32854B1F-8DCB-4075-87B2-ADF1AAB448B3}.Release|x64.ActiveCfg = Release|x64
		{32854B1F-8DCB-4075-87B2-ADF1AAB448B3}.Release|x64.Build.0 = Release|x64
		{32854B1F-8DCB-4075-87B2-ADF1AAB448B3}.Release|x86.ActiveCfg = Release|Win32
		{32854B1F-8DCB-4075-87B2-ADF1AAB448B3}.Release|x86.Build.0 = Release|Win32
		{425ED9DA-852E-4F61-BE06-487F68A6187E}.Debug|x64.ActiveCfg = Debug|x64
		{425ED9DA-852E-4F61-BE06-487F68A6187E}.Debug|x64.Build.0 = Debug|x64
		{425ED9DA-852E-4F61-BE06-487F68A6187E}.Debug|x86.ActiveCfg = Debug|Win32
		{425ED9DA-852E-4F61-BE06-487F68A6187E}.Debug|x86.Build.0 = Debug|Win32
		{425ED9DA-852E-4F61-BE06-487F68A6187E}.Release|x64.ActiveCfg = Release|x64
		{425ED9DA-852E-4F61-BE06-487F68A6187E}.Release|x64.Build.0 = Release|x64
		{425ED9DA-852E-4F61-BE06-487F68A6187E}.Release|x86.ActiveCfg = Release|Win32
		{425ED9DA-852E-4F61-BE06-487F68A6187E}.Release|x86.Build.0 = Release|Win32
		{F1EDF2C3-8663-42FF-89D7-D0C4857D4358}.Debug|x64.ActiveCfg = Debug|x64
		{F1EDF2C3-8663-42FF-89D7-D0C4857D4358}.Debug|x64.Build.0 = Debug|x64
		{F1EDF2C3-8663-42FF-89D7-D0C4857D4358}.Debug|x86.ActiveCfg = Debug|Win32
		{F1EDF2C3-8663-42FF-89D7-D0C4857D4358}.Debug|x86.Build.0 = Debug|Win32
		{F1EDF2C3-8663-42FF-89D7-D0C4857D4358}.Release|x64.ActiveCfg = Release|x64
		{F1EDF2C3-8663-42FF-89D7-D0C4857D4358}.Release|x64.Build.0 = Release|x64
		{F1EDF2C3-8663-42FF-89D7-D0C4857D4358}.Release|x86.ActiveCfg = Release|Win32
		{F1EDF2C3-8663-42FF-89D7-D0C4857D4358}.Release|x86.Build.0 = Release|Win32
		{1EA67B6E-CAF1-4F2A-8FB5-99B5D30E3004}.Debug|x64.ActiveCfg = Debug|x64
		{1EA67B6E-CAF1-4F2A-8FB5-99B5D30E3004}.Debug|x64.Build.0 = Debug|x64
		{1EA67B6E-CAF1-4F2A-8FB5-99B5D30E3004}.Debug|x86.ActiveCfg = Debug|Win32
		{1EA67B6E-CAF1-4F2A-8FB5-99B5D30E3004}.Debug|x86.Build.0 = Debug|Win32
		{1EA67B6E-CAF1-4F2A-8FB5-99B5D30E3004}.Release|x64.ActiveCfg = Release|x64
		{1EA67B6E-CAF1-4F2A-8FB5-99B5D30E3004}.Release|x64.Build.0 = Release|x64
		{1EA67B6E-CAF1-4F2A-8FB5-99B5D30E3004}.Release|x86.ActiveCfg = Release|Win32
		{1EA67B6E-CAF1-4F2A-8FB5-99B5D30E3004}.Release|x86.Build.0 = Release|Win32
		{D04CA8CD-8C31-4F09-A363-33BFC486C26F}.Debug|x64.ActiveCfg = Debug|x64
		{D04CA8CD-8C31-4F09-A363-33BFC486C26F}.Debug|x64.Build.0 = Debug|x64
		{D04CA8CD-8C31-4F09-A363-33BFC486C26F}.Debug|x86.ActiveCfg = Debug|Win32
		{D04CA8CD-8C31-4F09-A363-33BFC486C26F}.Debug|x86.Build.0 = Debug|Win32
		{D04CA8CD-8C31-4F09-A363-33BFC486C26F}.Release|x64.ActiveCfg = Release|x64
		{D04CA8CD-8C31-4F09-A363-33BFC486C26F}.Release|x64.Build.0 = Release|x64
		{D04CA8CD-8C31-4F09-A363-33BFC486C26F}.Release|x86.ActiveCfg = Release|Win32
		{D04CA8CD-8C31-4F09-A363-33BFC486C26F}.Release|x86.Build.0 = Release|Win32
		{E9B44697-A740-484E-BFCC-B9A007E242A2}.Debug|x64.ActiveCfg = Debug|x64
		{E9B44697-A740-484E-BFCC-B9A007E242A2}.Debug|x64.Build.0 = Debug|x64
		{E9B44697-A740-484E-BFCC-B9A007E242A2}.Debug|x86.ActiveCfg = Debug|Win32
		{E9B44697-A740-484E-BFCC-B9A007E242A2}.Debug|x86.Build.0 = Debug|Win32
		{E9B44697-A740-484E-BFCC-B9A007E242A2}.Release|x64.ActiveCfg = Release|x64
		{E9B44697-A740-484E-BFCC-B9A007E242A2}.Release|x64.Build.0 = Release|x64
		{E9B44697-A740-484E-BFCC-B9A007E242A2}.Release|x86.ActiveCfg = Release|Win32
		{E9B44697-A740-484E-BFCC-B9A007E242A2}.Release|x86.Build.0 = Release|Win32
		{0488FE50-85CC-477A-88ED-0A00B9F79F5D}.Debug|x64.ActiveCfg = Debug|x64
		{0488FE50-85CC-477A-88ED-0A00B9F79F5D}.Debug|x64.Build.0 = Debug|x64
		{0488FE50-85CC-477A-88ED-0A00B9F79F5D}.Debug|x86.ActiveCfg = Debug|Win32
		{0488FE50-85CC-477A-88ED-0A00B9F79F5D}.Debug|x86.Build.0 = Debug|Win32
		{0488FE50-85CC-477A-88ED-0A00B9F79F5D}.Release|x64.ActiveCfg = Release|x64
		{0488FE50-85CC-477A-88ED-0A00B9F79F5D}.Release|x64.Build.0 = Release|x64
		{0488FE50-85CC-477A-88ED-0A00B9F79F5D}.Release|x86.ActiveCfg = Release|Win32
		{0488FE50-85CC-477A-88ED-0A00B9F79F5D}.Release|x86.Build.0 = Release|Win32
	EndGlobalSection
	GlobalSection(SolutionProperties) = preSolution
		HideSolutionNode = FALSE
	EndGlobalSection
EndGlobal
